
Microsoft Visual Studio Solution File, Format Version 12.00
# Visual Studio 2012
Project("{FAE04EC0-301F-11D3-BF4B-00C04F79EFBC}") = "GitHub Tutorial", "GitHub Tutorial\GitHub Tutorial.csproj", "{04ED57CE-8A57-4115-8D29-38C36EB790C0}"
EndProject
Global
	GlobalSection(SolutionConfigurationPlatforms) = preSolution
		Debug|Any CPU = Debug|Any CPU
		Release|Any CPU = Release|Any CPU
	EndGlobalSection
	GlobalSection(ProjectConfigurationPlatforms) = postSolution
		{04ED57CE-8A57-4115-8D29-38C36EB790C0}.Debug|Any CPU.ActiveCfg = Debug|Any CPU
		{04ED57CE-8A57-4115-8D29-38C36EB790C0}.Debug|Any CPU.Build.0 = Debug|Any CPU
		{04ED57CE-8A57-4115-8D29-38C36EB790C0}.Release|Any CPU.ActiveCfg = Release|Any CPU
		{04ED57CE-8A57-4115-8D29-38C36EB790C0}.Release|Any CPU.Build.0 = Release|Any CPU
	EndGlobalSection
	GlobalSection(SolutionProperties) = preSolution
		HideSolutionNode = FALSE
	EndGlobalSection
EndGlobal
